
Microsoft Visual Studio Solution File, Format Version 12.00
# Visual Studio Version 16
VisualStudioVersion = 16.0.30309.148
MinimumVisualStudioVersion = 10.0.40219.1
Project("{FAE04EC0-301F-11D3-BF4B-00C04F79EFBC}") = "MoleculeDrawing", "MoleculeDrawing\MoleculeDrawing.csproj", "{B6BFF71A-6B12-4D03-A247-51C01C0C859B}"
EndProject
Global
	GlobalSection(SolutionConfigurationPlatforms) = preSolution
		Debug|Any CPU = Debug|Any CPU
		Release|Any CPU = Release|Any CPU
	EndGlobalSection
	GlobalSection(ProjectConfigurationPlatforms) = postSolution
		{B6BFF71A-6B12-4D03-A247-51C01C0C859B}.Debug|Any CPU.ActiveCfg = Debug|Any CPU
		{B6BFF71A-6B12-4D03-A247-51C01C0C859B}.Debug|Any CPU.Build.0 = Debug|Any CPU
		{B6BFF71A-6B12-4D03-A247-51C01C0C859B}.Release|Any CPU.ActiveCfg = Release|Any CPU
		{B6BFF71A-6B12-4D03-A247-51C01C0C859B}.Release|Any CPU.Build.0 = Release|Any CPU
	EndGlobalSection
	GlobalSection(SolutionProperties) = preSolution
		HideSolutionNode = FALSE
	EndGlobalSection
	GlobalSection(ExtensibilityGlobals) = postSolution
		SolutionGuid = {E26C3BA2-E09B-4B02-9CC2-3418CFD03859}
	EndGlobalSection
EndGlobal
